
Microsoft Visual Studio Solution File, Format Version 12.00
# Visual Studio Version 17
VisualStudioVersion = 17.8.34322.80
MinimumVisualStudioVersion = 10.0.40219.1
Project("{FAE04EC0-301F-11D3-BF4B-00C04F79EFBC}") = "CsvTranslationPacker", "CsvTranslationPacker.csproj", "{7D322922-6EC2-4C1F-AABB-3DFD39D08B43}"
EndProject
Global
	GlobalSection(SolutionConfigurationPlatforms) = preSolution
		Debug|Any CPU = Debug|Any CPU
		Release|Any CPU = Release|Any CPU
	EndGlobalSection
	GlobalSection(ProjectConfigurationPlatforms) = postSolution
		{7D322922-6EC2-4C1F-AABB-3DFD39D08B43}.Debug|Any CPU.ActiveCfg = Debug|Any CPU
		{7D322922-6EC2-4C1F-AABB-3DFD39D08B43}.Debug|Any CPU.Build.0 = Debug|Any CPU
		{7D322922-6EC2-4C1F-AABB-3DFD39D08B43}.Release|Any CPU.ActiveCfg = Release|Any CPU
		{7D322922-6EC2-4C1F-AABB-3DFD39D08B43}.Release|Any CPU.Build.0 = Release|Any CPU
	EndGlobalSection
	GlobalSection(SolutionProperties) = preSolution
		HideSolutionNode = FALSE
	EndGlobalSection
	GlobalSection(ExtensibilityGlobals) = postSolution
		SolutionGuid = {3B29E742-4329-402D-AEBD-C772D4E9812B}
	EndGlobalSection
EndGlobal
